
Microsoft Visual Studio Solution File, Format Version 12.00
# Visual Studio Version 16
VisualStudioVersion = 16.0.32228.343
MinimumVisualStudioVersion = 10.0.40219.1
Project("{FAE04EC0-301F-11D3-BF4B-00C04F79EFBC}") = "Test", "Test\Test.csproj", "{7BA93BE4-B7F2-4397-AD19-0D92DC8AA8EC}"
EndProject
Global
	GlobalSection(SolutionConfigurationPlatforms) = preSolution
		Debug|Any CPU = Debug|Any CPU
		Release|Any CPU = Release|Any CPU
	EndGlobalSection
	GlobalSection(ProjectConfigurationPlatforms) = postSolution
		{7BA93BE4-B7F2-4397-AD19-0D92DC8AA8EC}.Debug|Any CPU.ActiveCfg = Debug|Any CPU
		{7BA93BE4-B7F2-4397-AD19-0D92DC8AA8EC}.Debug|Any CPU.Build.0 = Debug|Any CPU
		{7BA93BE4-B7F2-4397-AD19-0D92DC8AA8EC}.Release|Any CPU.ActiveCfg = Release|Any CPU
		{7BA93BE4-B7F2-4397-AD19-0D92DC8AA8EC}.Release|Any CPU.Build.0 = Release|Any CPU
	EndGlobalSection
	GlobalSection(SolutionProperties) = preSolution
		HideSolutionNode = FALSE
	EndGlobalSection
	GlobalSection(ExtensibilityGlobals) = postSolution
		SolutionGuid = {F7074572-92B8-4020-B7F1-5979D1CD8213}
	EndGlobalSection
EndGlobal
